
Microsoft Visual Studio Solution File, Format Version 12.00
Project("{2150E333-8FDC-42A3-9474-1A3956D46DE8}") = "src", "src", "{2ABA0BC2-DC66-47A8-AB1A-EC381F61BC54}"
EndProject
Project("{2150E333-8FDC-42A3-9474-1A3956D46DE8}") = "vendor", "vendor", "{B3BB81CF-2DE2-477D-8EDF-88E2835B27DC}"
EndProject
Project("{2150E333-8FDC-42A3-9474-1A3956D46DE8}") = "examples", "examples", "{C238649B-54CB-45A5-859E-7DD4A10FC2D3}"
EndProject
Project("{2150E333-8FDC-42A3-9474-1A3956D46DE8}") = "tests", "tests", "{F8B3E16D-A86F-4092-8380-53A5D9BE781A}"
EndProject
Project("{FAE04EC0-301F-11D3-BF4B-00C04F79EFBC}") = "SuikaLab", "tests\SuikaLab\SuikaLab.csproj", "{A47DB5A7-D3C0-4204-8DFF-5C131ED1DDC0}"
EndProject
Project("{FAE04EC0-301F-11D3-BF4B-00C04F79EFBC}") = "Mochi.DearImGui", "vendor\Mochi.DearImGui\Mochi.DearImGui\Mochi.DearImGui.csproj", "{7C5C4F7E-C919-46DA-9C03-178941185976}"
EndProject
Project("{FAE04EC0-301F-11D3-BF4B-00C04F79EFBC}") = "Mochi.DearImGui.Native", "vendor\Mochi.DearImGui\Mochi.DearImGui.Native\Mochi.DearImGui.Native.csproj", "{6332547C-AF4C-4FE1-97C6-9722129FC260}"
EndProject
Project("{FAE04EC0-301F-11D3-BF4B-00C04F79EFBC}") = "SuikaAot", "tests\SuikaAot\SuikaAot.csproj", "{61E7FFFE-7ACD-440B-9A74-2076FE9F10D5}"
EndProject
Project("{FAE04EC0-301F-11D3-BF4B-00C04F79EFBC}") = "Suika", "src\Suika\Suika.csproj", "{4C798521-1A06-429A-9AC8-27179EF522A0}"
EndProject
Global
	GlobalSection(SolutionConfigurationPlatforms) = preSolution
		Debug|Any CPU = Debug|Any CPU
		Release|Any CPU = Release|Any CPU
	EndGlobalSection
	GlobalSection(NestedProjects) = preSolution
		{A47DB5A7-D3C0-4204-8DFF-5C131ED1DDC0} = {F8B3E16D-A86F-4092-8380-53A5D9BE781A}
		{7C5C4F7E-C919-46DA-9C03-178941185976} = {B3BB81CF-2DE2-477D-8EDF-88E2835B27DC}
		{6332547C-AF4C-4FE1-97C6-9722129FC260} = {B3BB81CF-2DE2-477D-8EDF-88E2835B27DC}
		{61E7FFFE-7ACD-440B-9A74-2076FE9F10D5} = {F8B3E16D-A86F-4092-8380-53A5D9BE781A}
		{4C798521-1A06-429A-9AC8-27179EF522A0} = {2ABA0BC2-DC66-47A8-AB1A-EC381F61BC54}
	EndGlobalSection
	GlobalSection(ProjectConfigurationPlatforms) = postSolution
		{A47DB5A7-D3C0-4204-8DFF-5C131ED1DDC0}.Debug|Any CPU.ActiveCfg = Debug|Any CPU
		{A47DB5A7-D3C0-4204-8DFF-5C131ED1DDC0}.Debug|Any CPU.Build.0 = Debug|Any CPU
		{A47DB5A7-D3C0-4204-8DFF-5C131ED1DDC0}.Release|Any CPU.ActiveCfg = Release|Any CPU
		{A47DB5A7-D3C0-4204-8DFF-5C131ED1DDC0}.Release|Any CPU.Build.0 = Release|Any CPU
		{7C5C4F7E-C919-46DA-9C03-178941185976}.Debug|Any CPU.ActiveCfg = Debug|Any CPU
		{7C5C4F7E-C919-46DA-9C03-178941185976}.Debug|Any CPU.Build.0 = Debug|Any CPU
		{7C5C4F7E-C919-46DA-9C03-178941185976}.Release|Any CPU.ActiveCfg = Release|Any CPU
		{7C5C4F7E-C919-46DA-9C03-178941185976}.Release|Any CPU.Build.0 = Release|Any CPU
		{6332547C-AF4C-4FE1-97C6-9722129FC260}.Debug|Any CPU.ActiveCfg = Debug|Any CPU
		{6332547C-AF4C-4FE1-97C6-9722129FC260}.Debug|Any CPU.Build.0 = Debug|Any CPU
		{6332547C-AF4C-4FE1-97C6-9722129FC260}.Release|Any CPU.ActiveCfg = Release|Any CPU
		{6332547C-AF4C-4FE1-97C6-9722129FC260}.Release|Any CPU.Build.0 = Release|Any CPU
		{61E7FFFE-7ACD-440B-9A74-2076FE9F10D5}.Debug|Any CPU.ActiveCfg = Debug|Any CPU
		{61E7FFFE-7ACD-440B-9A74-2076FE9F10D5}.Debug|Any CPU.Build.0 = Debug|Any CPU
		{61E7FFFE-7ACD-440B-9A74-2076FE9F10D5}.Release|Any CPU.ActiveCfg = Release|Any CPU
		{61E7FFFE-7ACD-440B-9A74-2076FE9F10D5}.Release|Any CPU.Build.0 = Release|Any CPU
		{4C798521-1A06-429A-9AC8-27179EF522A0}.Debug|Any CPU.ActiveCfg = Debug|Any CPU
		{4C798521-1A06-429A-9AC8-27179EF522A0}.Debug|Any CPU.Build.0 = Debug|Any CPU
		{4C798521-1A06-429A-9AC8-27179EF522A0}.Release|Any CPU.ActiveCfg = Release|Any CPU
		{4C798521-1A06-429A-9AC8-27179EF522A0}.Release|Any CPU.Build.0 = Release|Any CPU
	EndGlobalSection
EndGlobal
